
Microsoft Visual Studio Solution File, Format Version 12.00
# Visual Studio Version 16
VisualStudioVersion = 16.0.30907.101
MinimumVisualStudioVersion = 10.0.40219.1
Project("{9A19103F-16F7-4668-BE54-9A1E7A4F7556}") = "Calculadora", "Calculadora.csproj", "{03667766-A17D-4BEE-9FBB-B733090BCC3E}"
EndProject
Global
	GlobalSection(SolutionConfigurationPlatforms) = preSolution
		Debug|Any CPU = Debug|Any CPU
		Release|Any CPU = Release|Any CPU
	EndGlobalSection
	GlobalSection(ProjectConfigurationPlatforms) = postSolution
		{03667766-A17D-4BEE-9FBB-B733090BCC3E}.Debug|Any CPU.ActiveCfg = Debug|Any CPU
		{03667766-A17D-4BEE-9FBB-B733090BCC3E}.Debug|Any CPU.Build.0 = Debug|Any CPU
		{03667766-A17D-4BEE-9FBB-B733090BCC3E}.Release|Any CPU.ActiveCfg = Release|Any CPU
		{03667766-A17D-4BEE-9FBB-B733090BCC3E}.Release|Any CPU.Build.0 = Release|Any CPU
	EndGlobalSection
	GlobalSection(SolutionProperties) = preSolution
		HideSolutionNode = FALSE
	EndGlobalSection
	GlobalSection(ExtensibilityGlobals) = postSolution
		SolutionGuid = {BF3B3332-30A8-4464-9801-F2CE40F7589C}
	EndGlobalSection
EndGlobal
