
Microsoft Visual Studio Solution File, Format Version 12.00
# Visual Studio Version 16
VisualStudioVersion = 16.0.30907.101
MinimumVisualStudioVersion = 10.0.40219.1
Project("{FAE04EC0-301F-11D3-BF4B-00C04F79EFBC}") = "Calcualdora2", "Calcualdora2.csproj", "{A26E4BC9-33F8-4BEE-A0CD-CB4B77D8FF89}"
EndProject
Global
	GlobalSection(SolutionConfigurationPlatforms) = preSolution
		Debug|Any CPU = Debug|Any CPU
		Release|Any CPU = Release|Any CPU
	EndGlobalSection
	GlobalSection(ProjectConfigurationPlatforms) = postSolution
		{A26E4BC9-33F8-4BEE-A0CD-CB4B77D8FF89}.Debug|Any CPU.ActiveCfg = Debug|Any CPU
		{A26E4BC9-33F8-4BEE-A0CD-CB4B77D8FF89}.Debug|Any CPU.Build.0 = Debug|Any CPU
		{A26E4BC9-33F8-4BEE-A0CD-CB4B77D8FF89}.Release|Any CPU.ActiveCfg = Release|Any CPU
		{A26E4BC9-33F8-4BEE-A0CD-CB4B77D8FF89}.Release|Any CPU.Build.0 = Release|Any CPU
	EndGlobalSection
	GlobalSection(SolutionProperties) = preSolution
		HideSolutionNode = FALSE
	EndGlobalSection
	GlobalSection(ExtensibilityGlobals) = postSolution
		SolutionGuid = {3A9FDE35-D70A-4FCE-AA0B-80158F422539}
	EndGlobalSection
EndGlobal
